
Microsoft Visual Studio Solution File, Format Version 12.00
# Visual Studio Version 17
VisualStudioVersion = 17.14.36414.22
MinimumVisualStudioVersion = 10.0.40219.1
Project("{2150E333-8FDC-42A3-9474-1A3956D46DE8}") = "Task0", "Task0", "{36D591C7-65C7-A0D1-1CBC-10CDE441BDC8}"
EndProject
Project("{FAE04EC0-301F-11D3-BF4B-00C04F79EFBC}") = "Tyuiu.LazutinVS.Sprint6.Task0.V5", "Tyuiu.LazutinVS.Sprint6.Task0.V5\Tyuiu.LazutinVS.Sprint6.Task0.V5.csproj", "{9529AD1A-1BB5-4FBA-BCB3-460641FFE380}"
EndProject
Project("{FAE04EC0-301F-11D3-BF4B-00C04F79EFBC}") = "Tyuiu.LazutinVS.Sprint6.Task0.V5.Lib", "Tyuiu.LazutinVS.Sprint6.Task0.V5.Lib\Tyuiu.LazutinVS.Sprint6.Task0.V5.Lib.csproj", "{2DCA9596-26E5-4F56-A415-CF4715B33E9D}"
EndProject
Project("{FAE04EC0-301F-11D3-BF4B-00C04F79EFBC}") = "Tyuiu.LazutinVS.Sprint6.Task0.V5.Test", "Tyuiu.LazutinVS.Sprint6.Task0.V5.Test\Tyuiu.LazutinVS.Sprint6.Task0.V5.Test.csproj", "{38318B03-46BC-4C50-9319-708BCAE687E1}"
EndProject
Project("{2150E333-8FDC-42A3-9474-1A3956D46DE8}") = "Task1", "Task1", "{7DD9F795-C73C-4428-8A29-A9A4DC536611}"
EndProject
Project("{FAE04EC0-301F-11D3-BF4B-00C04F79EFBC}") = "Tyuiu.LazutinVS.Sprint6.Task1.V8.Test", "Tyuiu.LazutinVS.Sprint6.Task1.V8.Test\Tyuiu.LazutinVS.Sprint6.Task1.V8.Test.csproj", "{CFBAF749-B4CE-4619-81F4-D13A0F60F9CC}"
EndProject
Project("{FAE04EC0-301F-11D3-BF4B-00C04F79EFBC}") = "Tyuiu.LazutinVS.Sprint6.Task1.V8.Lib", "Tyuiu.LazutinVS.Sprint6.Task1.V8.Lib\Tyuiu.LazutinVS.Sprint6.Task1.V8.Lib.csproj", "{AD27BE28-7FD3-4A72-A86E-4434CEE6E677}"
EndProject
Project("{FAE04EC0-301F-11D3-BF4B-00C04F79EFBC}") = "Tyuiu.LazutinVS.Sprint6.Task1.V8", "Tyuiu.LazutinVS.Sprint6.Task1.V8\Tyuiu.LazutinVS.Sprint6.Task1.V8.csproj", "{A2002405-DD42-4545-82D9-BDF4E1182F28}"
EndProject
Project("{2150E333-8FDC-42A3-9474-1A3956D46DE8}") = "Task2", "Task2", "{77E489AB-3E92-4F2E-B703-BFD6274EF520}"
EndProject
Project("{FAE04EC0-301F-11D3-BF4B-00C04F79EFBC}") = "Tyuiu.LazutinVS.Sprint6.Task2.V2", "Tyuiu.LazutinVS.Sprint6.Task2.V2\Tyuiu.LazutinVS.Sprint6.Task2.V2.csproj", "{6C3B0E97-4CCE-428E-BEA2-CA71AEA4CC47}"
EndProject
Project("{FAE04EC0-301F-11D3-BF4B-00C04F79EFBC}") = "Tyuiu.LazutinVS.Sprint6.Task2.V2.Lib", "Tyuiu.LazutinVS.Sprint6.Task2.V2.Lib\Tyuiu.LazutinVS.Sprint6.Task2.V2.Lib.csproj", "{90A2FDD1-04EE-417D-9B8B-8F7B8832DCF6}"
EndProject
Project("{FAE04EC0-301F-11D3-BF4B-00C04F79EFBC}") = "Tyuiu.LazutinVS.Sprint6.Task2.V2.Test", "Tyuiu.LazutinVS.Sprint6.Task2.V2.Test\Tyuiu.LazutinVS.Sprint6.Task2.V2.Test.csproj", "{864DFE42-0537-4B43-BE45-6ED1CFA5DB6E}"
EndProject
Project("{2150E333-8FDC-42A3-9474-1A3956D46DE8}") = "Task3", "Task3", "{2531BB11-8759-4B29-AEFE-4A0BF16B823D}"
EndProject
Project("{FAE04EC0-301F-11D3-BF4B-00C04F79EFBC}") = "Tyuiu.LazutinVS.Sprint6.Task3.V20", "Tyuiu.LazutinVS.Sprint6.Task3.V20\Tyuiu.LazutinVS.Sprint6.Task3.V20.csproj", "{8B393AD2-3DD8-462A-9B9B-7B9A5C043E7F}"
EndProject
Project("{FAE04EC0-301F-11D3-BF4B-00C04F79EFBC}") = "Tyuiu.LazutinVS.Sprint6.Task3.V20.Test", "Tyuiu.LazutinVS.Sprint6.Task3.V20.Test\Tyuiu.LazutinVS.Sprint6.Task3.V20.Test.csproj", "{0CC14527-A912-4BE8-AED4-A17D6ECB9D8A}"
EndProject
Project("{FAE04EC0-301F-11D3-BF4B-00C04F79EFBC}") = "Tyuiu.LazutinVS.Sprint6.Task3.V20.Lib", "Tyuiu.LazutinVS.Sprint6.Task3.V20.Lib\Tyuiu.LazutinVS.Sprint6.Task3.V20.Lib.csproj", "{C5F6ACCB-0471-4F9B-BBF4-4AF81D5C9935}"
EndProject
Project("{2150E333-8FDC-42A3-9474-1A3956D46DE8}") = "Task4", "Task4", "{ED526D34-DE89-4F5F-ADAF-F4960A764403}"
EndProject
Project("{FAE04EC0-301F-11D3-BF4B-00C04F79EFBC}") = "Tyuiu.LazutinVS.Sprint6.Task4.V11.Lib", "Tyuiu.LazutinVS.Sprint6.Task4.V11.Lib\Tyuiu.LazutinVS.Sprint6.Task4.V11.Lib.csproj", "{F318A42F-EA4C-484E-8F24-F0917D681D18}"
EndProject
Project("{FAE04EC0-301F-11D3-BF4B-00C04F79EFBC}") = "Tyuiu.LazutinVS.Sprint6.Task4.V11.Test", "Tyuiu.LazutinVS.Sprint6.Task4.V11.Test\Tyuiu.LazutinVS.Sprint6.Task4.V11.Test.csproj", "{68B5F2E5-97CF-4103-B32F-0C3D877C53D6}"
EndProject
Project("{FAE04EC0-301F-11D3-BF4B-00C04F79EFBC}") = "Tyuiu.LazutinVS.Sprint6.Task4.V11", "Tyuiu.LazutinVS.Sprint6.Task4.V11\Tyuiu.LazutinVS.Sprint6.Task4.V11.csproj", "{81D407FC-D572-45C3-8F4B-4BBD38249377}"
EndProject
Project("{2150E333-8FDC-42A3-9474-1A3956D46DE8}") = "Task5", "Task5", "{0F9DC4C2-CED9-4804-9B0C-2EDA689F8C33}"
EndProject
Project("{FAE04EC0-301F-11D3-BF4B-00C04F79EFBC}") = "Tyuiu.LazutinVS.Sprint6.Task5.V17", "Tyuiu.LazutinVS.Sprint6.Task5.V17\Tyuiu.LazutinVS.Sprint6.Task5.V17.csproj", "{D9E849E2-34A2-41F9-A3BD-B6B3434FB5F0}"
EndProject
Project("{FAE04EC0-301F-11D3-BF4B-00C04F79EFBC}") = "Tyuiu.LazutinVS.Sprint6.Task5.V17.Lib", "Tyuiu.LazutinVS.Sprint6.Task5.V17.Lib\Tyuiu.LazutinVS.Sprint6.Task5.V17.Lib.csproj", "{7E54DF1B-C095-412A-ACCB-B30BB8F43689}"
EndProject
Project("{FAE04EC0-301F-11D3-BF4B-00C04F79EFBC}") = "Tyuiu.LazutinVS.Sprint6.Task5.V17.Test", "Tyuiu.LazutinVS.Sprint6.Task5.V17.Test\Tyuiu.LazutinVS.Sprint6.Task5.V17.Test.csproj", "{C8CA9819-4EE4-4A3F-9610-F62EE79CF281}"
EndProject
Project("{2150E333-8FDC-42A3-9474-1A3956D46DE8}") = "Task6", "Task6", "{D533A7A2-A394-4C46-88DD-86D6670D662A}"
EndProject
Project("{FAE04EC0-301F-11D3-BF4B-00C04F79EFBC}") = "Tyuiu.LazutinVS.Sprint6.Task6.V6.Lib", "Tyuiu.LazutinVS.Sprint6.Task6.V6.Lib\Tyuiu.LazutinVS.Sprint6.Task6.V6.Lib.csproj", "{7CFED52E-35EB-47C5-8854-1622EA54BA6E}"
EndProject
Project("{FAE04EC0-301F-11D3-BF4B-00C04F79EFBC}") = "Tyuiu.LazutinVS.Sprint6.Task6.V6.Test", "Tyuiu.LazutinVS.Sprint6.Task6.V6.Test\Tyuiu.LazutinVS.Sprint6.Task6.V6.Test.csproj", "{E4D7C4BF-D5A4-4BB5-891C-4AB5F634EFDE}"
EndProject
Project("{FAE04EC0-301F-11D3-BF4B-00C04F79EFBC}") = "Tyuiu.LazutinVS.Sprint6.Task6.V6", "Tyuiu.LazutinVS.Sprint6.Task6.V6\Tyuiu.LazutinVS.Sprint6.Task6.V6.csproj", "{0F9DB34F-34CE-466E-9200-353447051A61}"
EndProject
Global
	GlobalSection(SolutionConfigurationPlatforms) = preSolution
		Debug|Any CPU = Debug|Any CPU
		Release|Any CPU = Release|Any CPU
	EndGlobalSection
	GlobalSection(ProjectConfigurationPlatforms) = postSolution
		{9529AD1A-1BB5-4FBA-BCB3-460641FFE380}.Debug|Any CPU.ActiveCfg = Debug|Any CPU
		{9529AD1A-1BB5-4FBA-BCB3-460641FFE380}.Debug|Any CPU.Build.0 = Debug|Any CPU
		{9529AD1A-1BB5-4FBA-BCB3-460641FFE380}.Release|Any CPU.ActiveCfg = Release|Any CPU
		{9529AD1A-1BB5-4FBA-BCB3-460641FFE380}.Release|Any CPU.Build.0 = Release|Any CPU
		{2DCA9596-26E5-4F56-A415-CF4715B33E9D}.Debug|Any CPU.ActiveCfg = Debug|Any CPU
		{2DCA9596-26E5-4F56-A415-CF4715B33E9D}.Debug|Any CPU.Build.0 = Debug|Any CPU
		{2DCA9596-26E5-4F56-A415-CF4715B33E9D}.Release|Any CPU.ActiveCfg = Release|Any CPU
		{2DCA9596-26E5-4F56-A415-CF4715B33E9D}.Release|Any CPU.Build.0 = Release|Any CPU
		{38318B03-46BC-4C50-9319-708BCAE687E1}.Debug|Any CPU.ActiveCfg = Debug|Any CPU
		{38318B03-46BC-4C50-9319-708BCAE687E1}.Debug|Any CPU.Build.0 = Debug|Any CPU
		{38318B03-46BC-4C50-9319-708BCAE687E1}.Release|Any CPU.ActiveCfg = Release|Any CPU
		{38318B03-46BC-4C50-9319-708BCAE687E1}.Release|Any CPU.Build.0 = Release|Any CPU
		{CFBAF749-B4CE-4619-81F4-D13A0F60F9CC}.Debug|Any CPU.ActiveCfg = Debug|Any CPU
		{CFBAF749-B4CE-4619-81F4-D13A0F60F9CC}.Debug|Any CPU.Build.0 = Debug|Any CPU
		{CFBAF749-B4CE-4619-81F4-D13A0F60F9CC}.Release|Any CPU.ActiveCfg = Release|Any CPU
		{CFBAF749-B4CE-4619-81F4-D13A0F60F9CC}.Release|Any CPU.Build.0 = Release|Any CPU
		{AD27BE28-7FD3-4A72-A86E-4434CEE6E677}.Debug|Any CPU.ActiveCfg = Debug|Any CPU
		{AD27BE28-7FD3-4A72-A86E-4434CEE6E677}.Debug|Any CPU.Build.0 = Debug|Any CPU
		{AD27BE28-7FD3-4A72-A86E-4434CEE6E677}.Release|Any CPU.ActiveCfg = Release|Any CPU
		{AD27BE28-7FD3-4A72-A86E-4434CEE6E677}.Release|Any CPU.Build.0 = Release|Any CPU
		{A2002405-DD42-4545-82D9-BDF4E1182F28}.Debug|Any CPU.ActiveCfg = Debug|Any CPU
		{A2002405-DD42-4545-82D9-BDF4E1182F28}.Debug|Any CPU.Build.0 = Debug|Any CPU
		{A2002405-DD42-4545-82D9-BDF4E1182F28}.Release|Any CPU.ActiveCfg = Release|Any CPU
		{A2002405-DD42-4545-82D9-BDF4E1182F28}.Release|Any CPU.Build.0 = Release|Any CPU
		{6C3B0E97-4CCE-428E-BEA2-CA71AEA4CC47}.Debug|Any CPU.ActiveCfg = Debug|Any CPU
		{6C3B0E97-4CCE-428E-BEA2-CA71AEA4CC47}.Debug|Any CPU.Build.0 = Debug|Any CPU
		{6C3B0E97-4CCE-428E-BEA2-CA71AEA4CC47}.Release|Any CPU.ActiveCfg = Release|Any CPU
		{6C3B0E97-4CCE-428E-BEA2-CA71AEA4CC47}.Release|Any CPU.Build.0 = Release|Any CPU
		{90A2FDD1-04EE-417D-9B8B-8F7B8832DCF6}.Debug|Any CPU.ActiveCfg = Debug|Any CPU
		{90A2FDD1-04EE-417D-9B8B-8F7B8832DCF6}.Debug|Any CPU.Build.0 = Debug|Any CPU
		{90A2FDD1-04EE-417D-9B8B-8F7B8832DCF6}.Release|Any CPU.ActiveCfg = Release|Any CPU
		{90A2FDD1-04EE-417D-9B8B-8F7B8832DCF6}.Release|Any CPU.Build.0 = Release|Any CPU
		{864DFE42-0537-4B43-BE45-6ED1CFA5DB6E}.Debug|Any CPU.ActiveCfg = Debug|Any CPU
		{864DFE42-0537-4B43-BE45-6ED1CFA5DB6E}.Debug|Any CPU.Build.0 = Debug|Any CPU
		{864DFE42-0537-4B43-BE45-6ED1CFA5DB6E}.Release|Any CPU.ActiveCfg = Release|Any CPU
		{864DFE42-0537-4B43-BE45-6ED1CFA5DB6E}.Release|Any CPU.Build.0 = Release|Any CPU
		{8B393AD2-3DD8-462A-9B9B-7B9A5C043E7F}.Debug|Any CPU.ActiveCfg = Debug|Any CPU
		{8B393AD2-3DD8-462A-9B9B-7B9A5C043E7F}.Debug|Any CPU.Build.0 = Debug|Any CPU
		{8B393AD2-3DD8-462A-9B9B-7B9A5C043E7F}.Release|Any CPU.ActiveCfg = Release|Any CPU
		{8B393AD2-3DD8-462A-9B9B-7B9A5C043E7F}.Release|Any CPU.Build.0 = Release|Any CPU
		{0CC14527-A912-4BE8-AED4-A17D6ECB9D8A}.Debug|Any CPU.ActiveCfg = Debug|Any CPU
		{0CC14527-A912-4BE8-AED4-A17D6ECB9D8A}.Debug|Any CPU.Build.0 = Debug|Any CPU
		{0CC14527-A912-4BE8-AED4-A17D6ECB9D8A}.Release|Any CPU.ActiveCfg = Release|Any CPU
		{0CC14527-A912-4BE8-AED4-A17D6ECB9D8A}.Release|Any CPU.Build.0 = Release|Any CPU
		{C5F6ACCB-0471-4F9B-BBF4-4AF81D5C9935}.Debug|Any CPU.ActiveCfg = Debug|Any CPU
		{C5F6ACCB-0471-4F9B-BBF4-4AF81D5C9935}.Debug|Any CPU.Build.0 = Debug|Any CPU
		{C5F6ACCB-0471-4F9B-BBF4-4AF81D5C9935}.Release|Any CPU.ActiveCfg = Release|Any CPU
		{C5F6ACCB-0471-4F9B-BBF4-4AF81D5C9935}.Release|Any CPU.Build.0 = Release|Any CPU
		{F318A42F-EA4C-484E-8F24-F0917D681D18}.Debug|Any CPU.ActiveCfg = Debug|Any CPU
		{F318A42F-EA4C-484E-8F24-F0917D681D18}.Debug|Any CPU.Build.0 = Debug|Any CPU
		{F318A42F-EA4C-484E-8F24-F0917D681D18}.Release|Any CPU.ActiveCfg = Release|Any CPU
		{F318A42F-EA4C-484E-8F24-F0917D681D18}.Release|Any CPU.Build.0 = Release|Any CPU
		{68B5F2E5-97CF-4103-B32F-0C3D877C53D6}.Debug|Any CPU.ActiveCfg = Debug|Any CPU
		{68B5F2E5-97CF-4103-B32F-0C3D877C53D6}.Debug|Any CPU.Build.0 = Debug|Any CPU
		{68B5F2E5-97CF-4103-B32F-0C3D877C53D6}.Release|Any CPU.ActiveCfg = Release|Any CPU
		{68B5F2E5-97CF-4103-B32F-0C3D877C53D6}.Release|Any CPU.Build.0 = Release|Any CPU
		{81D407FC-D572-45C3-8F4B-4BBD38249377}.Debug|Any CPU.ActiveCfg = Debug|Any CPU
		{81D407FC-D572-45C3-8F4B-4BBD38249377}.Debug|Any CPU.Build.0 = Debug|Any CPU
		{81D407FC-D572-45C3-8F4B-4BBD38249377}.Release|Any CPU.ActiveCfg = Release|Any CPU
		{81D407FC-D572-45C3-8F4B-4BBD38249377}.Release|Any CPU.Build.0 = Release|Any CPU
		{D9E849E2-34A2-41F9-A3BD-B6B3434FB5F0}.Debug|Any CPU.ActiveCfg = Debug|Any CPU
		{D9E849E2-34A2-41F9-A3BD-B6B3434FB5F0}.Debug|Any CPU.Build.0 = Debug|Any CPU
		{D9E849E2-34A2-41F9-A3BD-B6B3434FB5F0}.Release|Any CPU.ActiveCfg = Release|Any CPU
		{D9E849E2-34A2-41F9-A3BD-B6B3434FB5F0}.Release|Any CPU.Build.0 = Release|Any CPU
		{7E54DF1B-C095-412A-ACCB-B30BB8F43689}.Debug|Any CPU.ActiveCfg = Debug|Any CPU
		{7E54DF1B-C095-412A-ACCB-B30BB8F43689}.Debug|Any CPU.Build.0 = Debug|Any CPU
		{7E54DF1B-C095-412A-ACCB-B30BB8F43689}.Release|Any CPU.ActiveCfg = Release|Any CPU
		{7E54DF1B-C095-412A-ACCB-B30BB8F43689}.Release|Any CPU.Build.0 = Release|Any CPU
		{C8CA9819-4EE4-4A3F-9610-F62EE79CF281}.Debug|Any CPU.ActiveCfg = Debug|Any CPU
		{C8CA9819-4EE4-4A3F-9610-F62EE79CF281}.Debug|Any CPU.Build.0 = Debug|Any CPU
		{C8CA9819-4EE4-4A3F-9610-F62EE79CF281}.Release|Any CPU.ActiveCfg = Release|Any CPU
		{C8CA9819-4EE4-4A3F-9610-F62EE79CF281}.Release|Any CPU.Build.0 = Release|Any CPU
		{7CFED52E-35EB-47C5-8854-1622EA54BA6E}.Debug|Any CPU.ActiveCfg = Debug|Any CPU
		{7CFED52E-35EB-47C5-8854-1622EA54BA6E}.Debug|Any CPU.Build.0 = Debug|Any CPU
		{7CFED52E-35EB-47C5-8854-1622EA54BA6E}.Release|Any CPU.ActiveCfg = Release|Any CPU
		{7CFED52E-35EB-47C5-8854-1622EA54BA6E}.Release|Any CPU.Build.0 = Release|Any CPU
		{E4D7C4BF-D5A4-4BB5-891C-4AB5F634EFDE}.Debug|Any CPU.ActiveCfg = Debug|Any CPU
		{E4D7C4BF-D5A4-4BB5-891C-4AB5F634EFDE}.Debug|Any CPU.Build.0 = Debug|Any CPU
		{E4D7C4BF-D5A4-4BB5-891C-4AB5F634EFDE}.Release|Any CPU.ActiveCfg = Release|Any CPU
		{E4D7C4BF-D5A4-4BB5-891C-4AB5F634EFDE}.Release|Any CPU.Build.0 = Release|Any CPU
		{0F9DB34F-34CE-466E-9200-353447051A61}.Debug|Any CPU.ActiveCfg = Debug|Any CPU
		{0F9DB34F-34CE-466E-9200-353447051A61}.Debug|Any CPU.Build.0 = Debug|Any CPU
		{0F9DB34F-34CE-466E-9200-353447051A61}.Release|Any CPU.ActiveCfg = Release|Any CPU
		{0F9DB34F-34CE-466E-9200-353447051A61}.Release|Any CPU.Build.0 = Release|Any CPU
	EndGlobalSection
	GlobalSection(SolutionProperties) = preSolution
		HideSolutionNode = FALSE
	EndGlobalSection
	GlobalSection(NestedProjects) = preSolution
		{9529AD1A-1BB5-4FBA-BCB3-460641FFE380} = {36D591C7-65C7-A0D1-1CBC-10CDE441BDC8}
		{2DCA9596-26E5-4F56-A415-CF4715B33E9D} = {36D591C7-65C7-A0D1-1CBC-10CDE441BDC8}
		{38318B03-46BC-4C50-9319-708BCAE687E1} = {36D591C7-65C7-A0D1-1CBC-10CDE441BDC8}
		{CFBAF749-B4CE-4619-81F4-D13A0F60F9CC} = {7DD9F795-C73C-4428-8A29-A9A4DC536611}
		{AD27BE28-7FD3-4A72-A86E-4434CEE6E677} = {7DD9F795-C73C-4428-8A29-A9A4DC536611}
		{A2002405-DD42-4545-82D9-BDF4E1182F28} = {7DD9F795-C73C-4428-8A29-A9A4DC536611}
		{6C3B0E97-4CCE-428E-BEA2-CA71AEA4CC47} = {77E489AB-3E92-4F2E-B703-BFD6274EF520}
		{90A2FDD1-04EE-417D-9B8B-8F7B8832DCF6} = {77E489AB-3E92-4F2E-B703-BFD6274EF520}
		{864DFE42-0537-4B43-BE45-6ED1CFA5DB6E} = {77E489AB-3E92-4F2E-B703-BFD6274EF520}
		{8B393AD2-3DD8-462A-9B9B-7B9A5C043E7F} = {2531BB11-8759-4B29-AEFE-4A0BF16B823D}
		{0CC14527-A912-4BE8-AED4-A17D6ECB9D8A} = {2531BB11-8759-4B29-AEFE-4A0BF16B823D}
		{C5F6ACCB-0471-4F9B-BBF4-4AF81D5C9935} = {2531BB11-8759-4B29-AEFE-4A0BF16B823D}
		{F318A42F-EA4C-484E-8F24-F0917D681D18} = {ED526D34-DE89-4F5F-ADAF-F4960A764403}
		{68B5F2E5-97CF-4103-B32F-0C3D877C53D6} = {ED526D34-DE89-4F5F-ADAF-F4960A764403}
		{81D407FC-D572-45C3-8F4B-4BBD38249377} = {ED526D34-DE89-4F5F-ADAF-F4960A764403}
		{D9E849E2-34A2-41F9-A3BD-B6B3434FB5F0} = {0F9DC4C2-CED9-4804-9B0C-2EDA689F8C33}
		{7E54DF1B-C095-412A-ACCB-B30BB8F43689} = {0F9DC4C2-CED9-4804-9B0C-2EDA689F8C33}
		{C8CA9819-4EE4-4A3F-9610-F62EE79CF281} = {0F9DC4C2-CED9-4804-9B0C-2EDA689F8C33}
		{7CFED52E-35EB-47C5-8854-1622EA54BA6E} = {D533A7A2-A394-4C46-88DD-86D6670D662A}
		{E4D7C4BF-D5A4-4BB5-891C-4AB5F634EFDE} = {D533A7A2-A394-4C46-88DD-86D6670D662A}
		{0F9DB34F-34CE-466E-9200-353447051A61} = {D533A7A2-A394-4C46-88DD-86D6670D662A}
	EndGlobalSection
	GlobalSection(ExtensibilityGlobals) = postSolution
		SolutionGuid = {9FFC8EB2-C2A7-447A-B4A8-0B4C3BFD47D9}
	EndGlobalSection
EndGlobal
